// !$*UTF8*$!
{
	archiveVersion = 1;
	classes = {
	};
	objectVersion = 48;
	objects = {

/* Begin PBXBuildFile section */
		1418AF9E66C027DCBA31A3A1 /* Pods_HopeIt.framework in Frameworks */ = {isa = PBXBuildFile; fileRef = C574EF98BED462AA7807EA4A /* Pods_HopeIt.framework */; };
		50CCEB0C1FA3A9FF00134258 /* AppDelegate.swift in Sources */ = {isa = PBXBuildFile; fileRef = 50CCEB0B1FA3A9FF00134258 /* AppDelegate.swift */; };
		50CCEB0E1FA3A9FF00134258 /* ViewController.swift in Sources */ = {isa = PBXBuildFile; fileRef = 50CCEB0D1FA3A9FF00134258 /* ViewController.swift */; };
		50CCEB111FA3A9FF00134258 /* Main.storyboard in Resources */ = {isa = PBXBuildFile; fileRef = 50CCEB0F1FA3A9FF00134258 /* Main.storyboard */; };
		50CCEB131FA3A9FF00134258 /* Assets.xcassets in Resources */ = {isa = PBXBuildFile; fileRef = 50CCEB121FA3A9FF00134258 /* Assets.xcassets */; };
		50CCEB161FA3A9FF00134258 /* LaunchScreen.storyboard in Resources */ = {isa = PBXBuildFile; fileRef = 50CCEB141FA3A9FF00134258 /* LaunchScreen.storyboard */; };
/* End PBXBuildFile section */

/* Begin PBXFileReference section */
		50CCEB081FA3A9FF00134258 /* HopeIt.app */ = {isa = PBXFileReference; explicitFileType = wrapper.application; includeInIndex = 0; path = HopeIt.app; sourceTree = BUILT_PRODUCTS_DIR; };
		50CCEB0B1FA3A9FF00134258 /* AppDelegate.swift */ = {isa = PBXFileReference; lastKnownFileType = sourcecode.swift; path = AppDelegate.swift; sourceTree = "<group>"; };
		50CCEB0D1FA3A9FF00134258 /* ViewController.swift */ = {isa = PBXFileReference; lastKnownFileType = sourcecode.swift; path = ViewController.swift; sourceTree = "<group>"; };
		50CCEB101FA3A9FF00134258 /* Base */ = {isa = PBXFileReference; lastKnownFileType = file.storyboard; name = Base; path = Base.lproj/Main.storyboard; sourceTree = "<group>"; };
		50CCEB121FA3A9FF00134258 /* Assets.xcassets */ = {isa = PBXFileReference; lastKnownFileType = folder.assetcatalog; path = Assets.xcassets; sourceTree = "<group>"; };
		50CCEB151FA3A9FF00134258 /* Base */ = {isa = PBXFileReference; lastKnownFileType = file.storyboard; name = Base; path = Base.lproj/LaunchScreen.storyboard; sourceTree = "<group>"; };
		50CCEB171FA3A9FF00134258 /* Info.plist */ = {isa = PBXFileReference; lastKnownFileType = text.plist.xml; path = Info.plist; sourceTree = "<group>"; };
		5DA577F4EFEBD42F63DFC5B0 /* Pods-HopeIt.debug.xcconfig */ = {isa = PBXFileReference; includeInIndex = 1; lastKnownFileType = text.xcconfig; name = "Pods-HopeIt.debug.xcconfig"; path = "Pods/Target Support Files/Pods-HopeIt/Pods-HopeIt.debug.xcconfig"; sourceTree = "<group>"; };
		8A0FFB6BF959C55809E4743E /* Pods-HopeIt.release.xcconfig */ = {isa = PBXFileReference; includeInIndex = 1; lastKnownFileType = text.xcconfig; name = "Pods-HopeIt.release.xcconfig"; path = "Pods/Target Support Files/Pods-HopeIt/Pods-HopeIt.release.xcconfig"; sourceTree = "<group>"; };
		C574EF98BED462AA7807EA4A /* Pods_HopeIt.framework */ = {isa = PBXFileReference; explicitFileType = wrapper.framework; includeInIndex = 0; path = Pods_HopeIt.framework; sourceTree = BUILT_PRODUCTS_DIR; };
/* End PBXFileReference section */

/* Begin PBXFrameworksBuildPhase section */
		50CCEB051FA3A9FF00134258 /* Frameworks */ = {
			isa = PBXFrameworksBuildPhase;
			buildActionMask = 2147483647;
			files = (
				1418AF9E66C027DCBA31A3A1 /* Pods_HopeIt.framework in Frameworks */,
			);
			runOnlyForDeploymentPostprocessing = 0;
		};
/* End PBXFrameworksBuildPhase section */

/* Begin PBXGroup section */
		04513E932CBA01D212E2DF9A /* Frameworks */ = {
			isa = PBXGroup;
			children = (
				C574EF98BED462AA7807EA4A /* Pods_HopeIt.framework */,
			);
			name = Frameworks;
			sourceTree = "<group>";
		};
		50CCEAFF1FA3A9FF00134258 = {
			isa = PBXGroup;
			children = (
				50CCEB0A1FA3A9FF00134258 /* HopeIt */,
				50CCEB091FA3A9FF00134258 /* Products */,
				96153D52EBD1CA1495DF4E3A /* Pods */,
				04513E932CBA01D212E2DF9A /* Frameworks */,
			);
			sourceTree = "<group>";
		};
		50CCEB091FA3A9FF00134258 /* Products */ = {
			isa = PBXGroup;
			children = (
				50CCEB081FA3A9FF00134258 /* HopeIt.app */,
			);
			name = Products;
			sourceTree = "<group>";
		};
		50CCEB0A1FA3A9FF00134258 /* HopeIt */ = {
			isa = PBXGroup;
			children = (
				50CCEB0B1FA3A9FF00134258 /* AppDelegate.swift */,
				50CCEB0D1FA3A9FF00134258 /* ViewController.swift */,
				50CCEB0F1FA3A9FF00134258 /* Main.storyboard */,
				50CCEB121FA3A9FF00134258 /* Assets.xcassets */,
				50CCEB141FA3A9FF00134258 /* LaunchScreen.storyboard */,
				50CCEB171FA3A9FF00134258 /* Info.plist */,
			);
			path = HopeIt;
			sourceTree = "<group>";
		};
		96153D52EBD1CA1495DF4E3A /* Pods */ = {
			isa = PBXGroup;
			children = (
				5DA577F4EFEBD42F63DFC5B0 /* Pods-HopeIt.debug.xcconfig */,
				8A0FFB6BF959C55809E4743E /* Pods-HopeIt.release.xcconfig */,
			);
			name = Pods;
			sourceTree = "<group>";
		};
/* End PBXGroup section */

/* Begin PBXNativeTarget section */
		50CCEB071FA3A9FF00134258 /* HopeIt */ = {
			isa = PBXNativeTarget;
			buildConfigurationList = 50CCEB1A1FA3A9FF00134258 /* Build configuration list for PBXNativeTarget "HopeIt" */;
			buildPhases = (
				884C0DF8A6F7BD4034864AA1 /* [CP] Check Pods Manifest.lock */,
				50CCEB041FA3A9FF00134258 /* Sources */,
				50CCEB051FA3A9FF00134258 /* Frameworks */,
				50CCEB061FA3A9FF00134258 /* Resources */,
				2285E19147DB33225C18DE1B /* [CP] Embed Pods Frameworks */,
				8496700A608B1BD9266B4191 /* [CP] Copy Pods Resources */,
			);
			buildRules = (
			);
			dependencies = (
			);
			name = HopeIt;
			productName = HopeIt;
			productReference = 50CCEB081FA3A9FF00134258 /* HopeIt.app */;
			productType = "com.apple.product-type.application";
		};
/* End PBXNativeTarget section */

/* Begin PBXProject section */
		50CCEB001FA3A9FF00134258 /* Project object */ = {
			isa = PBXProject;
			attributes = {
				LastSwiftUpdateCheck = 0900;
				LastUpgradeCheck = 0900;
				ORGANIZATIONNAME = "Paweł Nużka";
				TargetAttributes = {
					50CCEB071FA3A9FF00134258 = {
						CreatedOnToolsVersion = 9.0.1;
						ProvisioningStyle = Automatic;
					};
				};
			};
			buildConfigurationList = 50CCEB031FA3A9FF00134258 /* Build configuration list for PBXProject "HopeIt" */;
			compatibilityVersion = "Xcode 8.0";
			developmentRegion = en;
			hasScannedForEncodings = 0;
			knownRegions = (
				en,
				Base,
			);
			mainGroup = 50CCEAFF1FA3A9FF00134258;
			productRefGroup = 50CCEB091FA3A9FF00134258 /* Products */;
			projectDirPath = "";
			projectRoot = "";
			targets = (
				50CCEB071FA3A9FF00134258 /* HopeIt */,
			);
		};
/* End PBXProject section */

/* Begin PBXResourcesBuildPhase section */
		50CCEB061FA3A9FF00134258 /* Resources */ = {
			isa = PBXResourcesBuildPhase;
			buildActionMask = 2147483647;
			files = (
				50CCEB161FA3A9FF00134258 /* LaunchScreen.storyboard in Resources */,
				50CCEB131FA3A9FF00134258 /* Assets.xcassets in Resources */,
				50CCEB111FA3A9FF00134258 /* Main.storyboard in Resources */,
			);
			runOnlyForDeploymentPostprocessing = 0;
		};
/* End PBXResourcesBuildPhase section */

/* Begin PBXShellScriptBuildPhase section */
		2285E19147DB33225C18DE1B /* [CP] Embed Pods Frameworks */ = {
			isa = PBXShellScriptBuildPhase;
			buildActionMask = 2147483647;
			files = (
			);
			inputPaths = (
				"${SRCROOT}/Pods/Target Support Files/Pods-HopeIt/Pods-HopeIt-frameworks.sh",
				"${BUILT_PRODUCTS_DIR}/Braintree/Braintree.framework",
				"${BUILT_PRODUCTS_DIR}/BraintreeDropIn/BraintreeDropIn.framework",
			);
			name = "[CP] Embed Pods Frameworks";
			outputPaths = (
				"${TARGET_BUILD_DIR}/${FRAMEWORKS_FOLDER_PATH}/Braintree.framework",
				"${TARGET_BUILD_DIR}/${FRAMEWORKS_FOLDER_PATH}/BraintreeDropIn.framework",
			);
			runOnlyForDeploymentPostprocessing = 0;
			shellPath = /bin/sh;
			shellScript = "\"${SRCROOT}/Pods/Target Support Files/Pods-HopeIt/Pods-HopeIt-frameworks.sh\"\n";
			showEnvVarsInLog = 0;
		};
		8496700A608B1BD9266B4191 /* [CP] Copy Pods Resources */ = {
			isa = PBXShellScriptBuildPhase;
			buildActionMask = 2147483647;
			files = (
			);
			inputPaths = (
			);
			name = "[CP] Copy Pods Resources";
			outputPaths = (
			);
			runOnlyForDeploymentPostprocessing = 0;
			shellPath = /bin/sh;
			shellScript = "\"${SRCROOT}/Pods/Target Support Files/Pods-HopeIt/Pods-HopeIt-resources.sh\"\n";
			showEnvVarsInLog = 0;
		};
		884C0DF8A6F7BD4034864AA1 /* [CP] Check Pods Manifest.lock */ = {
			isa = PBXShellScriptBuildPhase;
			buildActionMask = 2147483647;
			files = (
			);
			inputPaths = (
				"${PODS_PODFILE_DIR_PATH}/Podfile.lock",
				"${PODS_ROOT}/Manifest.lock",
			);
			name = "[CP] Check Pods Manifest.lock";
			outputPaths = (
				"$(DERIVED_FILE_DIR)/Pods-HopeIt-checkManifestLockResult.txt",
			);
			runOnlyForDeploymentPostprocessing = 0;
			shellPath = /bin/sh;
			shellScript = "diff \"${PODS_PODFILE_DIR_PATH}/Podfile.lock\" \"${PODS_ROOT}/Manifest.lock\" > /dev/null\nif [ $? != 0 ] ; then\n    # print error to STDERR\n    echo \"error: The sandbox is not in sync with the Podfile.lock. Run 'pod install' or update your CocoaPods installation.\" >&2\n    exit 1\nfi\n# This output is used by Xcode 'outputs' to avoid re-running this script phase.\necho \"SUCCESS\" > \"${SCRIPT_OUTPUT_FILE_0}\"\n";
			showEnvVarsInLog = 0;
		};
/* End PBXShellScriptBuildPhase section */

/* Begin PBXSourcesBuildPhase section */
		50CCEB041FA3A9FF00134258 /* Sources */ = {
			isa = PBXSourcesBuildPhase;
			buildActionMask = 2147483647;
			files = (
				50CCEB0E1FA3A9FF00134258 /* ViewController.swift in Sources */,
				50CCEB0C1FA3A9FF00134258 /* AppDelegate.swift in Sources */,
			);
			runOnlyForDeploymentPostprocessing = 0;
		};
/* End PBXSourcesBuildPhase section */

/* Begin PBXVariantGroup section */
		50CCEB0F1FA3A9FF00134258 /* Main.storyboard */ = {
			isa = PBXVariantGroup;
			children = (
				50CCEB101FA3A9FF00134258 /* Base */,
			);
			name = Main.storyboard;
			sourceTree = "<group>";
		};
		50CCEB141FA3A9FF00134258 /* LaunchScreen.storyboard */ = {
			isa = PBXVariantGroup;
			children = (
				50CCEB151FA3A9FF00134258 /* Base */,
			);
			name = LaunchScreen.storyboard;
			sourceTree = "<group>";
		};
/* End PBXVariantGroup section */

/* Begin XCBuildConfiguration section */
		50CCEB181FA3A9FF00134258 /* Debug */ = {
			isa = XCBuildConfiguration;
			buildSettings = {
				ALWAYS_SEARCH_USER_PATHS = NO;
				CLANG_ANALYZER_NONNULL = YES;
				CLANG_ANALYZER_NUMBER_OBJECT_CONVERSION = YES_AGGRESSIVE;
				CLANG_CXX_LANGUAGE_STANDARD = "gnu++14";
				CLANG_CXX_LIBRARY = "libc++";
				CLANG_ENABLE_MODULES = YES;
				CLANG_ENABLE_OBJC_ARC = YES;
				CLANG_WARN_BLOCK_CAPTURE_AUTORELEASING = YES;
				CLANG_WARN_BOOL_CONVERSION = YES;
				CLANG_WARN_COMMA = YES;
				CLANG_WARN_CONSTANT_CONVERSION = YES;
				CLANG_WARN_DIRECT_OBJC_ISA_USAGE = YES_ERROR;
				CLANG_WARN_DOCUMENTATION_COMMENTS = YES;
				CLANG_WARN_EMPTY_BODY = YES;
				CLANG_WARN_ENUM_CONVERSION = YES;
				CLANG_WARN_INFINITE_RECURSION = YES;
				CLANG_WARN_INT_CONVERSION = YES;
				CLANG_WARN_NON_LITERAL_NULL_CONVERSION = YES;
				CLANG_WARN_OBJC_LITERAL_CONVERSION = YES;
				CLANG_WARN_OBJC_ROOT_CLASS = YES_ERROR;
				CLANG_WARN_RANGE_LOOP_ANALYSIS = YES;
				CLANG_WARN_STRICT_PROTOTYPES = YES;
				CLANG_WARN_SUSPICIOUS_MOVE = YES;
				CLANG_WARN_UNGUARDED_AVAILABILITY = YES_AGGRESSIVE;
				CLANG_WARN_UNREACHABLE_CODE = YES;
				CLANG_WARN__DUPLICATE_METHOD_MATCH = YES;
				CODE_SIGN_IDENTITY = "iPhone Developer";
				COPY_PHASE_STRIP = NO;
				DEBUG_INFORMATION_FORMAT = dwarf;
				ENABLE_STRICT_OBJC_MSGSEND = YES;
				ENABLE_TESTABILITY = YES;
				GCC_C_LANGUAGE_STANDARD = gnu11;
				GCC_DYNAMIC_NO_PIC = NO;
				GCC_NO_COMMON_BLOCKS = YES;
				GCC_OPTIMIZATION_LEVEL = 0;
				GCC_PREPROCESSOR_DEFINITIONS = (
					"DEBUG=1",
					"$(inherited)",
				);
				GCC_WARN_64_TO_32_BIT_CONVERSION = YES;
				GCC_WARN_ABOUT_RETURN_TYPE = YES_ERROR;
				GCC_WARN_UNDECLARED_SELECTOR = YES;
				GCC_WARN_UNINITIALIZED_AUTOS = YES_AGGRESSIVE;
				GCC_WARN_UNUSED_FUNCTION = YES;
				GCC_WARN_UNUSED_VARIABLE = YES;
				IPHONEOS_DEPLOYMENT_TARGET = 11.0;
				MTL_ENABLE_DEBUG_INFO = YES;
				ONLY_ACTIVE_ARCH = YES;
				SDKROOT = iphoneos;
				SWIFT_ACTIVE_COMPILATION_CONDITIONS = DEBUG;
				SWIFT_OPTIMIZATION_LEVEL = "-Onone";
			};
			name = Debug;
		};
		50CCEB191FA3A9FF00134258 /* Release */ = {
			isa = XCBuildConfiguration;
			buildSettings = {
				ALWAYS_SEARCH_USER_PATHS = NO;
				CLANG_ANALYZER_NONNULL = YES;
				CLANG_ANALYZER_NUMBER_OBJECT_CONVERSION = YES_AGGRESSIVE;
				CLANG_CXX_LANGUAGE_STANDARD = "gnu++14";
				CLANG_CXX_LIBRARY = "libc++";
				CLANG_ENABLE_MODULES = YES;
				CLANG_ENABLE_OBJC_ARC = YES;
				CLANG_WARN_BLOCK_CAPTURE_AUTORELEASING = YES;
				CLANG_WARN_BOOL_CONVERSION = YES;
				CLANG_WARN_COMMA = YES;
				CLANG_WARN_CONSTANT_CONVERSION = YES;
				CLANG_WARN_DIRECT_OBJC_ISA_USAGE = YES_ERROR;
				CLANG_WARN_DOCUMENTATION_COMMENTS = YES;
				CLANG_WARN_EMPTY_BODY = YES;
				CLANG_WARN_ENUM_CONVERSION = YES;
				CLANG_WARN_INFINITE_RECURSION = YES;
				CLANG_WARN_INT_CONVERSION = YES;
				CLANG_WARN_NON_LITERAL_NULL_CONVERSION = YES;
				CLANG_WARN_OBJC_LITERAL_CONVERSION = YES;
				CLANG_WARN_OBJC_ROOT_CLASS = YES_ERROR;
				CLANG_WARN_RANGE_LOOP_ANALYSIS = YES;
				CLANG_WARN_STRICT_PROTOTYPES = YES;
				CLANG_WARN_SUSPICIOUS_MOVE = YES;
				CLANG_WARN_UNGUARDED_AVAILABILITY = YES_AGGRESSIVE;
				CLANG_WARN_UNREACHABLE_CODE = YES;
				CLANG_WARN__DUPLICATE_METHOD_MATCH = YES;
				CODE_SIGN_IDENTITY = "iPhone Developer";
				COPY_PHASE_STRIP = NO;
				DEBUG_INFORMATION_FORMAT = "dwarf-with-dsym";
				ENABLE_NS_ASSERTIONS = NO;
				ENABLE_STRICT_OBJC_MSGSEND = YES;
				GCC_C_LANGUAGE_STANDARD = gnu11;
				GCC_NO_COMMON_BLOCKS = YES;
				GCC_WARN_64_TO_32_BIT_CONVERSION = YES;
				GCC_WARN_ABOUT_RETURN_TYPE = YES_ERROR;
				GCC_WARN_UNDECLARED_SELECTOR = YES;
				GCC_WARN_UNINITIALIZED_AUTOS = YES_AGGRESSIVE;
				GCC_WARN_UNUSED_FUNCTION = YES;
				GCC_WARN_UNUSED_VARIABLE = YES;
				IPHONEOS_DEPLOYMENT_TARGET = 11.0;
				MTL_ENABLE_DEBUG_INFO = NO;
				SDKROOT = iphoneos;
				SWIFT_OPTIMIZATION_LEVEL = "-Owholemodule";
				VALIDATE_PRODUCT = YES;
			};
			name = Release;
		};
		50CCEB1B1FA3A9FF00134258 /* Debug */ = {
			isa = XCBuildConfiguration;
			baseConfigurationReference = 5DA577F4EFEBD42F63DFC5B0 /* Pods-HopeIt.debug.xcconfig */;
			buildSettings = {
				ASSETCATALOG_COMPILER_APPICON_NAME = AppIcon;
				CODE_SIGN_STYLE = Automatic;
				DEVELOPMENT_TEAM = XHF7PDLDGF;
				INFOPLIST_FILE = HopeIt/Info.plist;
				LD_RUNPATH_SEARCH_PATHS = "$(inherited) @executable_path/Frameworks";
				PRODUCT_BUNDLE_IDENTIFIER = HopeIt.HopeIt;
				PRODUCT_NAME = "$(TARGET_NAME)";
				SWIFT_VERSION = 4.0;
				TARGETED_DEVICE_FAMILY = "1,2";
			};
			name = Debug;
		};
		50CCEB1C1FA3A9FF00134258 /* Release */ = {
			isa = XCBuildConfiguration;
			baseConfigurationReference = 8A0FFB6BF959C55809E4743E /* Pods-HopeIt.release.xcconfig */;
			buildSettings = {
				ASSETCATALOG_COMPILER_APPICON_NAME = AppIcon;
				CODE_SIGN_STYLE = Automatic;
				DEVELOPMENT_TEAM = XHF7PDLDGF;
				INFOPLIST_FILE = HopeIt/Info.plist;
				LD_RUNPATH_SEARCH_PATHS = "$(inherited) @executable_path/Frameworks";
				PRODUCT_BUNDLE_IDENTIFIER = HopeIt.HopeIt;
				PRODUCT_NAME = "$(TARGET_NAME)";
				SWIFT_VERSION = 4.0;
				TARGETED_DEVICE_FAMILY = "1,2";
			};
			name = Release;
		};
/* End XCBuildConfiguration section */

/* Begin XCConfigurationList section */
		50CCEB031FA3A9FF00134258 /* Build configuration list for PBXProject "HopeIt" */ = {
			isa = XCConfigurationList;
			buildConfigurations = (
				50CCEB181FA3A9FF00134258 /* Debug */,
				50CCEB191FA3A9FF00134258 /* Release */,
			);
			defaultConfigurationIsVisible = 0;
			defaultConfigurationName = Release;
		};
		50CCEB1A1FA3A9FF00134258 /* Build configuration list for PBXNativeTarget "HopeIt" */ = {
			isa = XCConfigurationList;
			buildConfigurations = (
				50CCEB1B1FA3A9FF00134258 /* Debug */,
				50CCEB1C1FA3A9FF00134258 /* Release */,
			);
			defaultConfigurationIsVisible = 0;
			defaultConfigurationName = Release;
		};
/* End XCConfigurationList section */
	};
	rootObject = 50CCEB001FA3A9FF00134258 /* Project object */;
}
